// !$*UTF8*$!
{
	archiveVersion = 1;
	classes = {
	};
	objectVersion = 50;
	objects = {

/* Begin PBXBuildFile section */
		972133B7228B9CFB00131441 /* AppDelegate.swift in Sources */ = {isa = PBXBuildFile; fileRef = 972133B6228B9CFB00131441 /* AppDelegate.swift */; };
		972133B9228B9CFB00131441 /* ViewController.swift in Sources */ = {isa = PBXBuildFile; fileRef = 972133B8228B9CFB00131441 /* ViewController.swift */; };
		972133BC228B9CFB00131441 /* Main.storyboard in Resources */ = {isa = PBXBuildFile; fileRef = 972133BA228B9CFB00131441 /* Main.storyboard */; };
		972133BE228B9CFC00131441 /* Assets.xcassets in Resources */ = {isa = PBXBuildFile; fileRef = 972133BD228B9CFC00131441 /* Assets.xcassets */; };
		972133C1228B9CFC00131441 /* LaunchScreen.storyboard in Resources */ = {isa = PBXBuildFile; fileRef = 972133BF228B9CFC00131441 /* LaunchScreen.storyboard */; };
		972133C9228BA89700131441 /* learnerModel.swift in Sources */ = {isa = PBXBuildFile; fileRef = 972133C8228BA89700131441 /* learnerModel.swift */; };
		972133CB228BB4D700131441 /* CarModel.swift in Sources */ = {isa = PBXBuildFile; fileRef = 972133CA228BB4D700131441 /* CarModel.swift */; };
		972133CD228BC4E400131441 /* FacilitatorModel.swift in Sources */ = {isa = PBXBuildFile; fileRef = 972133CC228BC4E400131441 /* FacilitatorModel.swift */; };
		972133CF228BC94700131441 /* MentiModel.swift in Sources */ = {isa = PBXBuildFile; fileRef = 972133CE228BC94700131441 /* MentiModel.swift */; };
		972133D1228BCCB400131441 /* RoundedButton.swift in Sources */ = {isa = PBXBuildFile; fileRef = 972133D0228BCCB400131441 /* RoundedButton.swift */; };
/* End PBXBuildFile section */

/* Begin PBXFileReference section */
		972133B3228B9CFB00131441 /* OOP.app */ = {isa = PBXFileReference; explicitFileType = wrapper.application; includeInIndex = 0; path = OOP.app; sourceTree = BUILT_PRODUCTS_DIR; };
		972133B6228B9CFB00131441 /* AppDelegate.swift */ = {isa = PBXFileReference; lastKnownFileType = sourcecode.swift; path = AppDelegate.swift; sourceTree = "<group>"; };
		972133B8228B9CFB00131441 /* ViewController.swift */ = {isa = PBXFileReference; lastKnownFileType = sourcecode.swift; path = ViewController.swift; sourceTree = "<group>"; };
		972133BB228B9CFB00131441 /* Base */ = {isa = PBXFileReference; lastKnownFileType = file.storyboard; name = Base; path = Base.lproj/Main.storyboard; sourceTree = "<group>"; };
		972133BD228B9CFC00131441 /* Assets.xcassets */ = {isa = PBXFileReference; lastKnownFileType = folder.assetcatalog; path = Assets.xcassets; sourceTree = "<group>"; };
		972133C0228B9CFC00131441 /* Base */ = {isa = PBXFileReference; lastKnownFileType = file.storyboard; name = Base; path = Base.lproj/LaunchScreen.storyboard; sourceTree = "<group>"; };
		972133C2228B9CFC00131441 /* Info.plist */ = {isa = PBXFileReference; lastKnownFileType = text.plist.xml; path = Info.plist; sourceTree = "<group>"; };
		972133C8228BA89700131441 /* learnerModel.swift */ = {isa = PBXFileReference; lastKnownFileType = sourcecode.swift; path = learnerModel.swift; sourceTree = "<group>"; };
		972133CA228BB4D700131441 /* CarModel.swift */ = {isa = PBXFileReference; lastKnownFileType = sourcecode.swift; path = CarModel.swift; sourceTree = "<group>"; };
		972133CC228BC4E400131441 /* FacilitatorModel.swift */ = {isa = PBXFileReference; lastKnownFileType = sourcecode.swift; path = FacilitatorModel.swift; sourceTree = "<group>"; };
		972133CE228BC94700131441 /* MentiModel.swift */ = {isa = PBXFileReference; lastKnownFileType = sourcecode.swift; path = MentiModel.swift; sourceTree = "<group>"; };
		972133D0228BCCB400131441 /* RoundedButton.swift */ = {isa = PBXFileReference; lastKnownFileType = sourcecode.swift; path = RoundedButton.swift; sourceTree = "<group>"; };
/* End PBXFileReference section */

/* Begin PBXFrameworksBuildPhase section */
		972133B0228B9CFB00131441 /* Frameworks */ = {
			isa = PBXFrameworksBuildPhase;
			buildActionMask = 2147483647;
			files = (
			);
			runOnlyForDeploymentPostprocessing = 0;
		};
/* End PBXFrameworksBuildPhase section */

/* Begin PBXGroup section */
		972133AA228B9CFB00131441 = {
			isa = PBXGroup;
			children = (
				972133B5228B9CFB00131441 /* OOP */,
				972133B4228B9CFB00131441 /* Products */,
			);
			sourceTree = "<group>";
		};
		972133B4228B9CFB00131441 /* Products */ = {
			isa = PBXGroup;
			children = (
				972133B3228B9CFB00131441 /* OOP.app */,
			);
			name = Products;
			sourceTree = "<group>";
		};
		972133B5228B9CFB00131441 /* OOP */ = {
			isa = PBXGroup;
			children = (
				972133B6228B9CFB00131441 /* AppDelegate.swift */,
				972133B8228B9CFB00131441 /* ViewController.swift */,
				972133CA228BB4D700131441 /* CarModel.swift */,
				972133C8228BA89700131441 /* learnerModel.swift */,
				972133CE228BC94700131441 /* MentiModel.swift */,
				972133BA228B9CFB00131441 /* Main.storyboard */,
				972133D0228BCCB400131441 /* RoundedButton.swift */,
				972133CC228BC4E400131441 /* FacilitatorModel.swift */,
				972133BD228B9CFC00131441 /* Assets.xcassets */,
				972133BF228B9CFC00131441 /* LaunchScreen.storyboard */,
				972133C2228B9CFC00131441 /* Info.plist */,
			);
			path = OOP;
			sourceTree = "<group>";
		};
/* End PBXGroup section */

/* Begin PBXNativeTarget section */
		972133B2228B9CFB00131441 /* OOP */ = {
			isa = PBXNativeTarget;
			buildConfigurationList = 972133C5228B9CFC00131441 /* Build configuration list for PBXNativeTarget "OOP" */;
			buildPhases = (
				972133AF228B9CFB00131441 /* Sources */,
				972133B0228B9CFB00131441 /* Frameworks */,
				972133B1228B9CFB00131441 /* Resources */,
			);
			buildRules = (
			);
			dependencies = (
			);
			name = OOP;
			productName = OOP;
			productReference = 972133B3228B9CFB00131441 /* OOP.app */;
			productType = "com.apple.product-type.application";
		};
/* End PBXNativeTarget section */

/* Begin PBXProject section */
		972133AB228B9CFB00131441 /* Project object */ = {
			isa = PBXProject;
			attributes = {
				LastSwiftUpdateCheck = 1020;
				LastUpgradeCheck = 1020;
				ORGANIZATIONNAME = whiteHat;
				TargetAttributes = {
					972133B2228B9CFB00131441 = {
						CreatedOnToolsVersion = 10.2.1;
					};
				};
			};
			buildConfigurationList = 972133AE228B9CFB00131441 /* Build configuration list for PBXProject "OOP" */;
			compatibilityVersion = "Xcode 9.3";
			developmentRegion = en;
			hasScannedForEncodings = 0;
			knownRegions = (
				en,
				Base,
			);
			mainGroup = 972133AA228B9CFB00131441;
			productRefGroup = 972133B4228B9CFB00131441 /* Products */;
			projectDirPath = "";
			projectRoot = "";
			targets = (
				972133B2228B9CFB00131441 /* OOP */,
			);
		};
/* End PBXProject section */

/* Begin PBXResourcesBuildPhase section */
		972133B1228B9CFB00131441 /* Resources */ = {
			isa = PBXResourcesBuildPhase;
			buildActionMask = 2147483647;
			files = (
				972133C1228B9CFC00131441 /* LaunchScreen.storyboard in Resources */,
				972133BE228B9CFC00131441 /* Assets.xcassets in Resources */,
				972133BC228B9CFB00131441 /* Main.storyboard in Resources */,
			);
			runOnlyForDeploymentPostprocessing = 0;
		};
/* End PBXResourcesBuildPhase section */

/* Begin PBXSourcesBuildPhase section */
		972133AF228B9CFB00131441 /* Sources */ = {
			isa = PBXSourcesBuildPhase;
			buildActionMask = 2147483647;
			files = (
				972133CB228BB4D700131441 /* CarModel.swift in Sources */,
				972133CF228BC94700131441 /* MentiModel.swift in Sources */,
				972133B9228B9CFB00131441 /* ViewController.swift in Sources */,
				972133C9228BA89700131441 /* learnerModel.swift in Sources */,
				972133D1228BCCB400131441 /* RoundedButton.swift in Sources */,
				972133CD228BC4E400131441 /* FacilitatorModel.swift in Sources */,
				972133B7228B9CFB00131441 /* AppDelegate.swift in Sources */,
			);
			runOnlyForDeploymentPostprocessing = 0;
		};
/* End PBXSourcesBuildPhase section */

/* Begin PBXVariantGroup section */
		972133BA228B9CFB00131441 /* Main.storyboard */ = {
			isa = PBXVariantGroup;
			children = (
				972133BB228B9CFB00131441 /* Base */,
			);
			name = Main.storyboard;
			sourceTree = "<group>";
		};
		972133BF228B9CFC00131441 /* LaunchScreen.storyboard */ = {
			isa = PBXVariantGroup;
			children = (
				972133C0228B9CFC00131441 /* Base */,
			);
			name = LaunchScreen.storyboard;
			sourceTree = "<group>";
		};
/* End PBXVariantGroup section */

/* Begin XCBuildConfiguration section */
		972133C3228B9CFC00131441 /* Debug */ = {
			isa = XCBuildConfiguration;
			buildSettings = {
				ALWAYS_SEARCH_USER_PATHS = NO;
				CLANG_ANALYZER_NONNULL = YES;
				CLANG_ANALYZER_NUMBER_OBJECT_CONVERSION = YES_AGGRESSIVE;
				CLANG_CXX_LANGUAGE_STANDARD = "gnu++14";
				CLANG_CXX_LIBRARY = "libc++";
				CLANG_ENABLE_MODULES = YES;
				CLANG_ENABLE_OBJC_ARC = YES;
				CLANG_ENABLE_OBJC_WEAK = YES;
				CLANG_WARN_BLOCK_CAPTURE_AUTORELEASING = YES;
				CLANG_WARN_BOOL_CONVERSION = YES;
				CLANG_WARN_COMMA = YES;
				CLANG_WARN_CONSTANT_CONVERSION = YES;
				CLANG_WARN_DEPRECATED_OBJC_IMPLEMENTATIONS = YES;
				CLANG_WARN_DIRECT_OBJC_ISA_USAGE = YES_ERROR;
				CLANG_WARN_DOCUMENTATION_COMMENTS = YES;
				CLANG_WARN_EMPTY_BODY = YES;
				CLANG_WARN_ENUM_CONVERSION = YES;
				CLANG_WARN_INFINITE_RECURSION = YES;
				CLANG_WARN_INT_CONVERSION = YES;
				CLANG_WARN_NON_LITERAL_NULL_CONVERSION = YES;
				CLANG_WARN_OBJC_IMPLICIT_RETAIN_SELF = YES;
				CLANG_WARN_OBJC_LITERAL_CONVERSION = YES;
				CLANG_WARN_OBJC_ROOT_CLASS = YES_ERROR;
				CLANG_WARN_RANGE_LOOP_ANALYSIS = YES;
				CLANG_WARN_STRICT_PROTOTYPES = YES;
				CLANG_WARN_SUSPICIOUS_MOVE = YES;
				CLANG_WARN_UNGUARDED_AVAILABILITY = YES_AGGRESSIVE;
				CLANG_WARN_UNREACHABLE_CODE = YES;
				CLANG_WARN__DUPLICATE_METHOD_MATCH = YES;
				CODE_SIGN_IDENTITY = "iPhone Developer";
				COPY_PHASE_STRIP = NO;
				DEBUG_INFORMATION_FORMAT = dwarf;
				ENABLE_STRICT_OBJC_MSGSEND = YES;
				ENABLE_TESTABILITY = YES;
				GCC_C_LANGUAGE_STANDARD = gnu11;
				GCC_DYNAMIC_NO_PIC = NO;
				GCC_NO_COMMON_BLOCKS = YES;
				GCC_OPTIMIZATION_LEVEL = 0;
				GCC_PREPROCESSOR_DEFINITIONS = (
					"DEBUG=1",
					"$(inherited)",
				);
				GCC_WARN_64_TO_32_BIT_CONVERSION = YES;
				GCC_WARN_ABOUT_RETURN_TYPE = YES_ERROR;
				GCC_WARN_UNDECLARED_SELECTOR = YES;
				GCC_WARN_UNINITIALIZED_AUTOS = YES_AGGRESSIVE;
				GCC_WARN_UNUSED_FUNCTION = YES;
				GCC_WARN_UNUSED_VARIABLE = YES;
				IPHONEOS_DEPLOYMENT_TARGET = 12.2;
				MTL_ENABLE_DEBUG_INFO = INCLUDE_SOURCE;
				MTL_FAST_MATH = YES;
				ONLY_ACTIVE_ARCH = YES;
				SDKROOT = iphoneos;
				SWIFT_ACTIVE_COMPILATION_CONDITIONS = DEBUG;
				SWIFT_OPTIMIZATION_LEVEL = "-Onone";
			};
			name = Debug;
		};
		972133C4228B9CFC00131441 /* Release */ = {
			isa = XCBuildConfiguration;
			buildSettings = {
				ALWAYS_SEARCH_USER_PATHS = NO;
				CLANG_ANALYZER_NONNULL = YES;
				CLANG_ANALYZER_NUMBER_OBJECT_CONVERSION = YES_AGGRESSIVE;
				CLANG_CXX_LANGUAGE_STANDARD = "gnu++14";
				CLANG_CXX_LIBRARY = "libc++";
				CLANG_ENABLE_MODULES = YES;
				CLANG_ENABLE_OBJC_ARC = YES;
				CLANG_ENABLE_OBJC_WEAK = YES;
				CLANG_WARN_BLOCK_CAPTURE_AUTORELEASING = YES;
				CLANG_WARN_BOOL_CONVERSION = YES;
				CLANG_WARN_COMMA = YES;
				CLANG_WARN_CONSTANT_CONVERSION = YES;
				CLANG_WARN_DEPRECATED_OBJC_IMPLEMENTATIONS = YES;
				CLANG_WARN_DIRECT_OBJC_ISA_USAGE = YES_ERROR;
				CLANG_WARN_DOCUMENTATION_COMMENTS = YES;
				CLANG_WARN_EMPTY_BODY = YES;
				CLANG_WARN_ENUM_CONVERSION = YES;
				CLANG_WARN_INFINITE_RECURSION = YES;
				CLANG_WARN_INT_CONVERSION = YES;
				CLANG_WARN_NON_LITERAL_NULL_CONVERSION = YES;
				CLANG_WARN_OBJC_IMPLICIT_RETAIN_SELF = YES;
				CLANG_WARN_OBJC_LITERAL_CONVERSION = YES;
				CLANG_WARN_OBJC_ROOT_CLASS = YES_ERROR;
				CLANG_WARN_RANGE_LOOP_ANALYSIS = YES;
				CLANG_WARN_STRICT_PROTOTYPES = YES;
				CLANG_WARN_SUSPICIOUS_MOVE = YES;
				CLANG_WARN_UNGUARDED_AVAILABILITY = YES_AGGRESSIVE;
				CLANG_WARN_UNREACHABLE_CODE = YES;
				CLANG_WARN__DUPLICATE_METHOD_MATCH = YES;
				CODE_SIGN_IDENTITY = "iPhone Developer";
				COPY_PHASE_STRIP = NO;
				DEBUG_INFORMATION_FORMAT = "dwarf-with-dsym";
				ENABLE_NS_ASSERTIONS = NO;
				ENABLE_STRICT_OBJC_MSGSEND = YES;
				GCC_C_LANGUAGE_STANDARD = gnu11;
				GCC_NO_COMMON_BLOCKS = YES;
				GCC_WARN_64_TO_32_BIT_CONVERSION = YES;
				GCC_WARN_ABOUT_RETURN_TYPE = YES_ERROR;
				GCC_WARN_UNDECLARED_SELECTOR = YES;
				GCC_WARN_UNINITIALIZED_AUTOS = YES_AGGRESSIVE;
				GCC_WARN_UNUSED_FUNCTION = YES;
				GCC_WARN_UNUSED_VARIABLE = YES;
				IPHONEOS_DEPLOYMENT_TARGET = 12.2;
				MTL_ENABLE_DEBUG_INFO = NO;
				MTL_FAST_MATH = YES;
				SDKROOT = iphoneos;
				SWIFT_COMPILATION_MODE = wholemodule;
				SWIFT_OPTIMIZATION_LEVEL = "-O";
				VALIDATE_PRODUCT = YES;
			};
			name = Release;
		};
		972133C6228B9CFC00131441 /* Debug */ = {
			isa = XCBuildConfiguration;
			buildSettings = {
				ASSETCATALOG_COMPILER_APPICON_NAME = AppIcon;
				CODE_SIGN_STYLE = Automatic;
				DEVELOPMENT_TEAM = 3N7N4BXCRP;
				INFOPLIST_FILE = OOP/Info.plist;
				LD_RUNPATH_SEARCH_PATHS = (
					"$(inherited)",
					"@executable_path/Frameworks",
				);
				PRODUCT_BUNDLE_IDENTIFIER = com.whiteHat.OOP;
				PRODUCT_NAME = "$(TARGET_NAME)";
				SWIFT_VERSION = 5.0;
				TARGETED_DEVICE_FAMILY = "1,2";
			};
			name = Debug;
		};
		972133C7228B9CFC00131441 /* Release */ = {
			isa = XCBuildConfiguration;
			buildSettings = {
				ASSETCATALOG_COMPILER_APPICON_NAME = AppIcon;
				CODE_SIGN_STYLE = Automatic;
				DEVELOPMENT_TEAM = 3N7N4BXCRP;
				INFOPLIST_FILE = OOP/Info.plist;
				LD_RUNPATH_SEARCH_PATHS = (
					"$(inherited)",
					"@executable_path/Frameworks",
				);
				PRODUCT_BUNDLE_IDENTIFIER = com.whiteHat.OOP;
				PRODUCT_NAME = "$(TARGET_NAME)";
				SWIFT_VERSION = 5.0;
				TARGETED_DEVICE_FAMILY = "1,2";
			};
			name = Release;
		};
/* End XCBuildConfiguration section */

/* Begin XCConfigurationList section */
		972133AE228B9CFB00131441 /* Build configuration list for PBXProject "OOP" */ = {
			isa = XCConfigurationList;
			buildConfigurations = (
				972133C3228B9CFC00131441 /* Debug */,
				972133C4228B9CFC00131441 /* Release */,
			);
			defaultConfigurationIsVisible = 0;
			defaultConfigurationName = Release;
		};
		972133C5228B9CFC00131441 /* Build configuration list for PBXNativeTarget "OOP" */ = {
			isa = XCConfigurationList;
			buildConfigurations = (
				972133C6228B9CFC00131441 /* Debug */,
				972133C7228B9CFC00131441 /* Release */,
			);
			defaultConfigurationIsVisible = 0;
			defaultConfigurationName = Release;
		};
/* End XCConfigurationList section */
	};
	rootObject = 972133AB228B9CFB00131441 /* Project object */;
}
